{
  "name": "venm",
  "version": "1.0.0",
  "lockfileVersion": 3,
  "requires": true,
  "packages": {
    "": {
      "name": "venm",
      "version": "1.0.0",
      "license": "ISC",
      "dependencies": {
        "@openzeppelin/contracts": "5.3.0",
        "@uniswap/permit2": "github:Uniswap/permit2#cc56ad0f3439c502c246fc5cfcc3db92bb8b7219",
        "@uniswap/v4-core": "github:Uniswap/v4-core#d9f8bfd39070b6114f2cf6c49df570fd6f998edb",
        "@uniswap/v4-periphery": "github:Uniswap/v4-periphery#9628c36b4f5083d19606e63224e4041fe748edae",
        "solmate": "github:transmissions11/solmate#v6"
      },
      "devDependencies": {
        "forge-std": "github:foundry-rs/forge-std#v1.9.7"
      }
    },
    "node_modules/@openzeppelin/contracts": {
      "version": "5.3.0",
      "resolved": "https://registry.npmjs.org/@openzeppelin/contracts/-/contracts-5.3.0.tgz",
      "integrity": "sha512-zj/KGoW7zxWUE8qOI++rUM18v+VeLTTzKs/DJFkSzHpQFPD/jKKF0TrMxBfGLl3kpdELCNccvB3zmofSzm4nlA==",
      "license": "MIT"
    },
    "node_modules/@uniswap/permit2": {
      "version": "1.0.0",
      "resolved": "git+ssh://git@github.com/Uniswap/permit2.git#cc56ad0f3439c502c246fc5cfcc3db92bb8b7219",
      "integrity": "sha512-XzfhRXtbw27teTj3QLsdRmQJwxpZTGZh/Cx5zvAOkGsD7zmIJaG5QdD2KCcjmt5AGonn0aVUqQF3LEIv5+oE+g==",
      "license": "MIT"
    },
    "node_modules/@uniswap/v4-core": {
      "version": "1.0.1",
      "resolved": "git+ssh://git@github.com/Uniswap/v4-core.git#d9f8bfd39070b6114f2cf6c49df570fd6f998edb",
      "integrity": "sha512-2gSXtTNLv79d6WPGoORNguJbhnciVV5HNKwKxVnA1NF7IBwvQEu5nU0P/OUWU9SlLQfDGeQiK7nk3WCGwX8bkQ==",
      "license": "BUSL-1.1"
    },
    "node_modules/@uniswap/v4-periphery": {
      "version": "1.0.1",
      "resolved": "git+ssh://git@github.com/Uniswap/v4-periphery.git#9628c36b4f5083d19606e63224e4041fe748edae",
      "integrity": "sha512-GzdBsM+s3BIJxvC1tu0laQ4eY6KXzQ5opfeE5XLM8GV9zoYIvah+XWPfvvy4CJz9TATp0NHyl+jXdfikP9CMDw==",
      "license": "MIT"
    },
    "node_modules/forge-std": {
      "version": "1.9.7",
      "resolved": "git+ssh://git@github.com/foundry-rs/forge-std.git#77041d2ce690e692d6e03cc812b57d1ddaa4d505",
      "dev": true,
      "license": "(Apache-2.0 OR MIT)"
    },
    "node_modules/solmate": {
      "name": "@rari-capital/solmate",
      "version": "6.0.0",
      "resolved": "git+ssh://git@github.com/transmissions11/solmate.git#a9e3ea26a2dc73bfa87f0cb189687d029028e0c5",
      "license": "AGPL-3.0-only"
    }
  }
}
