[[dependencies]]
name = "@openzeppelin-contracts"
version = "5.3.0"
url = "https://soldeer-revisions.s3.amazonaws.com/@openzeppelin-contracts/5_3_0_10-04-2025_10:51:50_contracts.zip"
checksum = "fa2bc3db351137c4d5eb32b738a814a541b78e87fbcbfeca825e189c4c787153"
integrity = "d69addf252dfe0688dcd893a7821cbee2421f8ce53d95ca0845a59530043cfd1"

[[dependencies]]
name = "forge-std"
version = "1.9.7"
url = "https://soldeer-revisions.s3.amazonaws.com/forge-std/1_9_7_28-04-2025_15:55:08_forge-std-1.9.zip"
checksum = "8d9e0a885fa8ee6429a4d344aeb6799119f6a94c7c4fe6f188df79b0dce294ba"
integrity = "9e60fdba82bc374df80db7f2951faff6467b9091873004a3d314cf0c084b3c7d"

[[dependencies]]
name = "permit2"
version = "main"
git = "https://github.com/Uniswap/permit2.git"
rev = "cc56ad0f3439c502c246fc5cfcc3db92bb8b7219"

[[dependencies]]
name = "solmate"
version = "main"
git = "https://github.com/transmissions11/solmate.git"
rev = "89365b880c4f3c786bdd453d4b8e8fe410344a69"

[[dependencies]]
name = "uniswap-hooks"
version = "master"
git = "https://github.com/OpenZeppelin/uniswap-hooks.git"
rev = "7170eec9cdbbdb4a907d14bfe63478cf15d2eab4"

[[dependencies]]
name = "v4-core"
version = "main"
git = "https://github.com/Uniswap/v4-core.git"
rev = "d153b048868a60c2403a3ef5b2301bb247884d46"

[[dependencies]]
name = "v4-periphery"
version = "main"
git = "https://github.com/Uniswap/v4-periphery.git"
rev = "7ebd04b161745b75ed0c24ba2df3bc7c25f65606"
